
Microsoft Visual Studio Solution File, Format Version 12.00
# Visual Studio Version 16
VisualStudioVersion = 16.0.34301.259
MinimumVisualStudioVersion = 10.0.40219.1
Project("{2150E333-8FDC-42A3-9474-1A3956D46DE8}") = "Transversal", "Transversal", "{09B0BD76-BB4D-4C6B-90C6-4E392C290F5F}"
EndProject
Project("{2150E333-8FDC-42A3-9474-1A3956D46DE8}") = "Infraestructura", "Infraestructura", "{50B0B24F-0E2D-4BF1-B42F-D7A6178B7064}"
EndProject
Project("{2150E333-8FDC-42A3-9474-1A3956D46DE8}") = "Dominio", "Dominio", "{8723CFD1-26B9-4B59-9B90-2003EECC85ED}"
EndProject
Project("{2150E333-8FDC-42A3-9474-1A3956D46DE8}") = "Aplicacion", "Aplicacion", "{5ECD759F-013E-415D-BA74-48AD75B5A1E7}"
EndProject
Project("{2150E333-8FDC-42A3-9474-1A3956D46DE8}") = "Servicio", "Servicio", "{2D1B86CD-4F88-4AE5-9077-50966CCD2610}"
EndProject
Project("{9A19103F-16F7-4668-BE54-9A1E7A4F7556}") = "DarkShop.Ecommerce.Transversal.Mapper", "DarkShop.Ecommerce.Transversal.Mapper\DarkShop.Ecommerce.Transversal.Mapper.csproj", "{32DDC36D-4E9A-485C-863D-3F3FE337B8A0}"
EndProject
Project("{9A19103F-16F7-4668-BE54-9A1E7A4F7556}") = "DarkShop.Ecommerce.Transversal.Common", "DarkShop.Ecommerce.Transversal.Common\DarkShop.Ecommerce.Transversal.Common.csproj", "{8AAC0B03-0687-41A3-95FB-052277EBDC94}"
EndProject
Project("{9A19103F-16F7-4668-BE54-9A1E7A4F7556}") = "DarkShop.Ecommerce.Services.WebApi", "DarkShop.Ecommerce.Services.WebApi\DarkShop.Ecommerce.Services.WebApi.csproj", "{BD20042F-2058-49B1-9EF3-BA666CEB49F2}"
EndProject
Project("{9A19103F-16F7-4668-BE54-9A1E7A4F7556}") = "DarkShop.Ecommerce.Infrastructure.Repository", "DarkShop.Ecommerce.Infrastructure.Repository\DarkShop.Ecommerce.Infrastructure.Repository.csproj", "{804037F5-D4D9-4825-8CC7-5AF927ED18E2}"
EndProject
Project("{9A19103F-16F7-4668-BE54-9A1E7A4F7556}") = "DarkShop.Ecommerce.Infrastructure.Interface", "DarkShop.Ecommerce.Infrastructure.Interface\DarkShop.Ecommerce.Infrastructure.Interface.csproj", "{C3EFAC61-144A-4942-A6EB-60DBF197D2A0}"
EndProject
Project("{9A19103F-16F7-4668-BE54-9A1E7A4F7556}") = "DarkShop.Ecommerce.Infrastructure.Data", "DarkShop.Ecommerce.Infrastructure.Data\DarkShop.Ecommerce.Infrastructure.Data.csproj", "{F4FADEAF-D00E-4A54-9081-7F4D04B0111C}"
EndProject
Project("{9A19103F-16F7-4668-BE54-9A1E7A4F7556}") = "DarkShop.Ecommerce.Domain.Interface", "DarkShop.Ecommerce.Domain.Interface\DarkShop.Ecommerce.Domain.Interface.csproj", "{2AC5D023-941F-46FD-8896-0D1F1CA07EC8}"
EndProject
Project("{9A19103F-16F7-4668-BE54-9A1E7A4F7556}") = "DarkShop.Ecommerce.Domain.Entity", "DarkShop.Ecommerce.Domain.Entity\DarkShop.Ecommerce.Domain.Entity.csproj", "{6B2DA6D3-0CBA-4455-A1ED-322BD193BB1F}"
EndProject
Project("{9A19103F-16F7-4668-BE54-9A1E7A4F7556}") = "DarkShop.Ecommerce.Domain.Core", "DarkShop.Ecommerce.Domain.Core\DarkShop.Ecommerce.Domain.Core.csproj", "{8C13EB90-8B63-4499-B394-FF299E939BFA}"
EndProject
Project("{9A19103F-16F7-4668-BE54-9A1E7A4F7556}") = "DarkShop.Ecommerce.Application.DTO", "DarkShop.Ecommerce.Application.DTO\DarkShop.Ecommerce.Application.DTO.csproj", "{F779F1BD-F8F8-4C5F-8E78-BFDCEA9E5BE0}"
EndProject
Project("{9A19103F-16F7-4668-BE54-9A1E7A4F7556}") = "DarkShop.Ecommerce.Application.Interface", "DarkShop.Ecommerce.Application.Interface\DarkShop.Ecommerce.Application.Interface.csproj", "{43DFC622-2E50-4397-A52E-C889BB9B2C56}"
EndProject
Project("{9A19103F-16F7-4668-BE54-9A1E7A4F7556}") = "DarkShop.Ecommerce.Application.Main", "DarkShop.Ecommerce.Application.Main\DarkShop.Ecommerce.Application.Main.csproj", "{04BC0E91-5081-46DA-BB33-3CD4C80603D4}"
EndProject
Global
	GlobalSection(SolutionConfigurationPlatforms) = preSolution
		Debug|Any CPU = Debug|Any CPU
		Release|Any CPU = Release|Any CPU
	EndGlobalSection
	GlobalSection(ProjectConfigurationPlatforms) = postSolution
		{32DDC36D-4E9A-485C-863D-3F3FE337B8A0}.Debug|Any CPU.ActiveCfg = Debug|Any CPU
		{32DDC36D-4E9A-485C-863D-3F3FE337B8A0}.Debug|Any CPU.Build.0 = Debug|Any CPU
		{32DDC36D-4E9A-485C-863D-3F3FE337B8A0}.Release|Any CPU.ActiveCfg = Release|Any CPU
		{32DDC36D-4E9A-485C-863D-3F3FE337B8A0}.Release|Any CPU.Build.0 = Release|Any CPU
		{8AAC0B03-0687-41A3-95FB-052277EBDC94}.Debug|Any CPU.ActiveCfg = Debug|Any CPU
		{8AAC0B03-0687-41A3-95FB-052277EBDC94}.Debug|Any CPU.Build.0 = Debug|Any CPU
		{8AAC0B03-0687-41A3-95FB-052277EBDC94}.Release|Any CPU.ActiveCfg = Release|Any CPU
		{8AAC0B03-0687-41A3-95FB-052277EBDC94}.Release|Any CPU.Build.0 = Release|Any CPU
		{BD20042F-2058-49B1-9EF3-BA666CEB49F2}.Debug|Any CPU.ActiveCfg = Debug|Any CPU
		{BD20042F-2058-49B1-9EF3-BA666CEB49F2}.Debug|Any CPU.Build.0 = Debug|Any CPU
		{BD20042F-2058-49B1-9EF3-BA666CEB49F2}.Release|Any CPU.ActiveCfg = Release|Any CPU
		{BD20042F-2058-49B1-9EF3-BA666CEB49F2}.Release|Any CPU.Build.0 = Release|Any CPU
		{804037F5-D4D9-4825-8CC7-5AF927ED18E2}.Debug|Any CPU.ActiveCfg = Debug|Any CPU
		{804037F5-D4D9-4825-8CC7-5AF927ED18E2}.Debug|Any CPU.Build.0 = Debug|Any CPU
		{804037F5-D4D9-4825-8CC7-5AF927ED18E2}.Release|Any CPU.ActiveCfg = Release|Any CPU
		{804037F5-D4D9-4825-8CC7-5AF927ED18E2}.Release|Any CPU.Build.0 = Release|Any CPU
		{C3EFAC61-144A-4942-A6EB-60DBF197D2A0}.Debug|Any CPU.ActiveCfg = Debug|Any CPU
		{C3EFAC61-144A-4942-A6EB-60DBF197D2A0}.Debug|Any CPU.Build.0 = Debug|Any CPU
		{C3EFAC61-144A-4942-A6EB-60DBF197D2A0}.Release|Any CPU.ActiveCfg = Release|Any CPU
		{C3EFAC61-144A-4942-A6EB-60DBF197D2A0}.Release|Any CPU.Build.0 = Release|Any CPU
		{F4FADEAF-D00E-4A54-9081-7F4D04B0111C}.Debug|Any CPU.ActiveCfg = Debug|Any CPU
		{F4FADEAF-D00E-4A54-9081-7F4D04B0111C}.Debug|Any CPU.Build.0 = Debug|Any CPU
		{F4FADEAF-D00E-4A54-9081-7F4D04B0111C}.Release|Any CPU.ActiveCfg = Release|Any CPU
		{F4FADEAF-D00E-4A54-9081-7F4D04B0111C}.Release|Any CPU.Build.0 = Release|Any CPU
		{2AC5D023-941F-46FD-8896-0D1F1CA07EC8}.Debug|Any CPU.ActiveCfg = Debug|Any CPU
		{2AC5D023-941F-46FD-8896-0D1F1CA07EC8}.Debug|Any CPU.Build.0 = Debug|Any CPU
		{2AC5D023-941F-46FD-8896-0D1F1CA07EC8}.Release|Any CPU.ActiveCfg = Release|Any CPU
		{2AC5D023-941F-46FD-8896-0D1F1CA07EC8}.Release|Any CPU.Build.0 = Release|Any CPU
		{6B2DA6D3-0CBA-4455-A1ED-322BD193BB1F}.Debug|Any CPU.ActiveCfg = Debug|Any CPU
		{6B2DA6D3-0CBA-4455-A1ED-322BD193BB1F}.Debug|Any CPU.Build.0 = Debug|Any CPU
		{6B2DA6D3-0CBA-4455-A1ED-322BD193BB1F}.Release|Any CPU.ActiveCfg = Release|Any CPU
		{6B2DA6D3-0CBA-4455-A1ED-322BD193BB1F}.Release|Any CPU.Build.0 = Release|Any CPU
		{8C13EB90-8B63-4499-B394-FF299E939BFA}.Debug|Any CPU.ActiveCfg = Debug|Any CPU
		{8C13EB90-8B63-4499-B394-FF299E939BFA}.Debug|Any CPU.Build.0 = Debug|Any CPU
		{8C13EB90-8B63-4499-B394-FF299E939BFA}.Release|Any CPU.ActiveCfg = Release|Any CPU
		{8C13EB90-8B63-4499-B394-FF299E939BFA}.Release|Any CPU.Build.0 = Release|Any CPU
		{F779F1BD-F8F8-4C5F-8E78-BFDCEA9E5BE0}.Debug|Any CPU.ActiveCfg = Debug|Any CPU
		{F779F1BD-F8F8-4C5F-8E78-BFDCEA9E5BE0}.Debug|Any CPU.Build.0 = Debug|Any CPU
		{F779F1BD-F8F8-4C5F-8E78-BFDCEA9E5BE0}.Release|Any CPU.ActiveCfg = Release|Any CPU
		{F779F1BD-F8F8-4C5F-8E78-BFDCEA9E5BE0}.Release|Any CPU.Build.0 = Release|Any CPU
		{43DFC622-2E50-4397-A52E-C889BB9B2C56}.Debug|Any CPU.ActiveCfg = Debug|Any CPU
		{43DFC622-2E50-4397-A52E-C889BB9B2C56}.Debug|Any CPU.Build.0 = Debug|Any CPU
		{43DFC622-2E50-4397-A52E-C889BB9B2C56}.Release|Any CPU.ActiveCfg = Release|Any CPU
		{43DFC622-2E50-4397-A52E-C889BB9B2C56}.Release|Any CPU.Build.0 = Release|Any CPU
		{04BC0E91-5081-46DA-BB33-3CD4C80603D4}.Debug|Any CPU.ActiveCfg = Debug|Any CPU
		{04BC0E91-5081-46DA-BB33-3CD4C80603D4}.Debug|Any CPU.Build.0 = Debug|Any CPU
		{04BC0E91-5081-46DA-BB33-3CD4C80603D4}.Release|Any CPU.ActiveCfg = Release|Any CPU
		{04BC0E91-5081-46DA-BB33-3CD4C80603D4}.Release|Any CPU.Build.0 = Release|Any CPU
	EndGlobalSection
	GlobalSection(SolutionProperties) = preSolution
		HideSolutionNode = FALSE
	EndGlobalSection
	GlobalSection(NestedProjects) = preSolution
		{32DDC36D-4E9A-485C-863D-3F3FE337B8A0} = {09B0BD76-BB4D-4C6B-90C6-4E392C290F5F}
		{8AAC0B03-0687-41A3-95FB-052277EBDC94} = {09B0BD76-BB4D-4C6B-90C6-4E392C290F5F}
		{BD20042F-2058-49B1-9EF3-BA666CEB49F2} = {2D1B86CD-4F88-4AE5-9077-50966CCD2610}
		{804037F5-D4D9-4825-8CC7-5AF927ED18E2} = {50B0B24F-0E2D-4BF1-B42F-D7A6178B7064}
		{C3EFAC61-144A-4942-A6EB-60DBF197D2A0} = {50B0B24F-0E2D-4BF1-B42F-D7A6178B7064}
		{F4FADEAF-D00E-4A54-9081-7F4D04B0111C} = {50B0B24F-0E2D-4BF1-B42F-D7A6178B7064}
		{2AC5D023-941F-46FD-8896-0D1F1CA07EC8} = {8723CFD1-26B9-4B59-9B90-2003EECC85ED}
		{6B2DA6D3-0CBA-4455-A1ED-322BD193BB1F} = {8723CFD1-26B9-4B59-9B90-2003EECC85ED}
		{8C13EB90-8B63-4499-B394-FF299E939BFA} = {8723CFD1-26B9-4B59-9B90-2003EECC85ED}
		{F779F1BD-F8F8-4C5F-8E78-BFDCEA9E5BE0} = {5ECD759F-013E-415D-BA74-48AD75B5A1E7}
		{43DFC622-2E50-4397-A52E-C889BB9B2C56} = {5ECD759F-013E-415D-BA74-48AD75B5A1E7}
		{04BC0E91-5081-46DA-BB33-3CD4C80603D4} = {5ECD759F-013E-415D-BA74-48AD75B5A1E7}
	EndGlobalSection
	GlobalSection(ExtensibilityGlobals) = postSolution
		SolutionGuid = {A3A67882-EA02-4925-ABDD-A7C9157A1C7D}
	EndGlobalSection
EndGlobal
