
Microsoft Visual Studio Solution File, Format Version 12.00
# Visual Studio Version 17
VisualStudioVersion = 17.8.34316.72
MinimumVisualStudioVersion = 10.0.40219.1
Project("{FAE04EC0-301F-11D3-BF4B-00C04F79EFBC}") = "WinFormsApp", "WinFormsApp\WinFormsApp.csproj", "{443D38F5-7274-48CC-89A1-5EDBC9C2DD2A}"
EndProject
Global
	GlobalSection(SolutionConfigurationPlatforms) = preSolution
		Debug|Any CPU = Debug|Any CPU
		Release|Any CPU = Release|Any CPU
	EndGlobalSection
	GlobalSection(ProjectConfigurationPlatforms) = postSolution
		{443D38F5-7274-48CC-89A1-5EDBC9C2DD2A}.Debug|Any CPU.ActiveCfg = Debug|Any CPU
		{443D38F5-7274-48CC-89A1-5EDBC9C2DD2A}.Debug|Any CPU.Build.0 = Debug|Any CPU
		{443D38F5-7274-48CC-89A1-5EDBC9C2DD2A}.Release|Any CPU.ActiveCfg = Release|Any CPU
		{443D38F5-7274-48CC-89A1-5EDBC9C2DD2A}.Release|Any CPU.Build.0 = Release|Any CPU
	EndGlobalSection
	GlobalSection(SolutionProperties) = preSolution
		HideSolutionNode = FALSE
	EndGlobalSection
	GlobalSection(ExtensibilityGlobals) = postSolution
		SolutionGuid = {D444B4F7-2FE6-40AC-A48F-08CB6D164236}
	EndGlobalSection
EndGlobal
