
Microsoft Visual Studio Solution File, Format Version 12.00
# Visual Studio Version 17
VisualStudioVersion = 17.5.002.0
MinimumVisualStudioVersion = 10.0.40219.1
Project("{9A19103F-16F7-4668-BE54-9A1E7A4F7556}") = "IntroducciónABootstrap", "IntroducciónABootstrap\IntroducciónABootstrap.csproj", "{48987066-86EB-4527-A318-0B093AA610FB}"
EndProject
Project("{FAE04EC0-301F-11D3-BF4B-00C04F79EFBC}") = "Portafolio", "Portafolio\Portafolio.csproj", "{A994CCDB-D48B-47BE-9F29-0F653CB3C70C}"
EndProject
Project("{FAE04EC0-301F-11D3-BF4B-00C04F79EFBC}") = "ManejoPresupuesto", "ManejoPresupuesto\ManejoPresupuesto.csproj", "{FBD1B74D-74D6-46B2-B279-F7831BC829D5}"
EndProject
Global
	GlobalSection(SolutionConfigurationPlatforms) = preSolution
		Debug|Any CPU = Debug|Any CPU
		Release|Any CPU = Release|Any CPU
	EndGlobalSection
	GlobalSection(ProjectConfigurationPlatforms) = postSolution
		{48987066-86EB-4527-A318-0B093AA610FB}.Debug|Any CPU.ActiveCfg = Debug|Any CPU
		{48987066-86EB-4527-A318-0B093AA610FB}.Debug|Any CPU.Build.0 = Debug|Any CPU
		{48987066-86EB-4527-A318-0B093AA610FB}.Release|Any CPU.ActiveCfg = Release|Any CPU
		{48987066-86EB-4527-A318-0B093AA610FB}.Release|Any CPU.Build.0 = Release|Any CPU
		{A994CCDB-D48B-47BE-9F29-0F653CB3C70C}.Debug|Any CPU.ActiveCfg = Debug|Any CPU
		{A994CCDB-D48B-47BE-9F29-0F653CB3C70C}.Debug|Any CPU.Build.0 = Debug|Any CPU
		{A994CCDB-D48B-47BE-9F29-0F653CB3C70C}.Release|Any CPU.ActiveCfg = Release|Any CPU
		{A994CCDB-D48B-47BE-9F29-0F653CB3C70C}.Release|Any CPU.Build.0 = Release|Any CPU
		{FBD1B74D-74D6-46B2-B279-F7831BC829D5}.Debug|Any CPU.ActiveCfg = Debug|Any CPU
		{FBD1B74D-74D6-46B2-B279-F7831BC829D5}.Debug|Any CPU.Build.0 = Debug|Any CPU
		{FBD1B74D-74D6-46B2-B279-F7831BC829D5}.Release|Any CPU.ActiveCfg = Release|Any CPU
		{FBD1B74D-74D6-46B2-B279-F7831BC829D5}.Release|Any CPU.Build.0 = Release|Any CPU
	EndGlobalSection
	GlobalSection(SolutionProperties) = preSolution
		HideSolutionNode = FALSE
	EndGlobalSection
	GlobalSection(ExtensibilityGlobals) = postSolution
		SolutionGuid = {6BA33CA2-B660-4318-B17B-7EA5143DDE7C}
	EndGlobalSection
EndGlobal
